// !$*UTF8*$!
{
	archiveVersion = 1;
	classes = {
	};
	objectVersion = 56;
	objects = {

/* Begin PBXBuildFile section */
		B38280B129509C0B0002695F /* Triangle_AppApp.swift in Sources */ = {isa = PBXBuildFile; fileRef = B38280B029509C0B0002695F /* Triangle_AppApp.swift */; };
		B38280B329509C0B0002695F /* ContentView.swift in Sources */ = {isa = PBXBuildFile; fileRef = B38280B229509C0B0002695F /* ContentView.swift */; };
		B38280B529509C0C0002695F /* Assets.xcassets in Resources */ = {isa = PBXBuildFile; fileRef = B38280B429509C0C0002695F /* Assets.xcassets */; };
		B38280B829509C0C0002695F /* Preview Assets.xcassets in Resources */ = {isa = PBXBuildFile; fileRef = B38280B729509C0C0002695F /* Preview Assets.xcassets */; };
		B38280C229509C0C0002695F /* Triangle_AppTests.swift in Sources */ = {isa = PBXBuildFile; fileRef = B38280C129509C0C0002695F /* Triangle_AppTests.swift */; };
		B38280CC29509C0C0002695F /* Triangle_AppUITests.swift in Sources */ = {isa = PBXBuildFile; fileRef = B38280CB29509C0C0002695F /* Triangle_AppUITests.swift */; };
		B38280CE29509C0C0002695F /* Triangle_AppUITestsLaunchTests.swift in Sources */ = {isa = PBXBuildFile; fileRef = B38280CD29509C0C0002695F /* Triangle_AppUITestsLaunchTests.swift */; };
/* End PBXBuildFile section */

/* Begin PBXContainerItemProxy section */
		B38280BE29509C0C0002695F /* PBXContainerItemProxy */ = {
			isa = PBXContainerItemProxy;
			containerPortal = B38280A529509C0B0002695F /* Project object */;
			proxyType = 1;
			remoteGlobalIDString = B38280AC29509C0B0002695F;
			remoteInfo = "Triangle App";
		};
		B38280C829509C0C0002695F /* PBXContainerItemProxy */ = {
			isa = PBXContainerItemProxy;
			containerPortal = B38280A529509C0B0002695F /* Project object */;
			proxyType = 1;
			remoteGlobalIDString = B38280AC29509C0B0002695F;
			remoteInfo = "Triangle App";
		};
/* End PBXContainerItemProxy section */

/* Begin PBXFileReference section */
		B38280AD29509C0B0002695F /* Triangle App.app */ = {isa = PBXFileReference; explicitFileType = wrapper.application; includeInIndex = 0; path = "Triangle App.app"; sourceTree = BUILT_PRODUCTS_DIR; };
		B38280B029509C0B0002695F /* Triangle_AppApp.swift */ = {isa = PBXFileReference; lastKnownFileType = sourcecode.swift; path = Triangle_AppApp.swift; sourceTree = "<group>"; };
		B38280B229509C0B0002695F /* ContentView.swift */ = {isa = PBXFileReference; lastKnownFileType = sourcecode.swift; path = ContentView.swift; sourceTree = "<group>"; };
		B38280B429509C0C0002695F /* Assets.xcassets */ = {isa = PBXFileReference; lastKnownFileType = folder.assetcatalog; path = Assets.xcassets; sourceTree = "<group>"; };
		B38280B729509C0C0002695F /* Preview Assets.xcassets */ = {isa = PBXFileReference; lastKnownFileType = folder.assetcatalog; path = "Preview Assets.xcassets"; sourceTree = "<group>"; };
		B38280BD29509C0C0002695F /* Triangle AppTests.xctest */ = {isa = PBXFileReference; explicitFileType = wrapper.cfbundle; includeInIndex = 0; path = "Triangle AppTests.xctest"; sourceTree = BUILT_PRODUCTS_DIR; };
		B38280C129509C0C0002695F /* Triangle_AppTests.swift */ = {isa = PBXFileReference; lastKnownFileType = sourcecode.swift; path = Triangle_AppTests.swift; sourceTree = "<group>"; };
		B38280C729509C0C0002695F /* Triangle AppUITests.xctest */ = {isa = PBXFileReference; explicitFileType = wrapper.cfbundle; includeInIndex = 0; path = "Triangle AppUITests.xctest"; sourceTree = BUILT_PRODUCTS_DIR; };
		B38280CB29509C0C0002695F /* Triangle_AppUITests.swift */ = {isa = PBXFileReference; lastKnownFileType = sourcecode.swift; path = Triangle_AppUITests.swift; sourceTree = "<group>"; };
		B38280CD29509C0C0002695F /* Triangle_AppUITestsLaunchTests.swift */ = {isa = PBXFileReference; lastKnownFileType = sourcecode.swift; path = Triangle_AppUITestsLaunchTests.swift; sourceTree = "<group>"; };
/* End PBXFileReference section */

/* Begin PBXFrameworksBuildPhase section */
		B38280AA29509C0B0002695F /* Frameworks */ = {
			isa = PBXFrameworksBuildPhase;
			buildActionMask = 2147483647;
			files = (
			);
			runOnlyForDeploymentPostprocessing = 0;
		};
		B38280BA29509C0C0002695F /* Frameworks */ = {
			isa = PBXFrameworksBuildPhase;
			buildActionMask = 2147483647;
			files = (
			);
			runOnlyForDeploymentPostprocessing = 0;
		};
		B38280C429509C0C0002695F /* Frameworks */ = {
			isa = PBXFrameworksBuildPhase;
			buildActionMask = 2147483647;
			files = (
			);
			runOnlyForDeploymentPostprocessing = 0;
		};
/* End PBXFrameworksBuildPhase section */

/* Begin PBXGroup section */
		B38280A429509C0B0002695F = {
			isa = PBXGroup;
			children = (
				B38280AF29509C0B0002695F /* Triangle App */,
				B38280C029509C0C0002695F /* Triangle AppTests */,
				B38280CA29509C0C0002695F /* Triangle AppUITests */,
				B38280AE29509C0B0002695F /* Products */,
			);
			sourceTree = "<group>";
		};
		B38280AE29509C0B0002695F /* Products */ = {
			isa = PBXGroup;
			children = (
				B38280AD29509C0B0002695F /* Triangle App.app */,
				B38280BD29509C0C0002695F /* Triangle AppTests.xctest */,
				B38280C729509C0C0002695F /* Triangle AppUITests.xctest */,
			);
			name = Products;
			sourceTree = "<group>";
		};
		B38280AF29509C0B0002695F /* Triangle App */ = {
			isa = PBXGroup;
			children = (
				B38280B029509C0B0002695F /* Triangle_AppApp.swift */,
				B38280B229509C0B0002695F /* ContentView.swift */,
				B38280B429509C0C0002695F /* Assets.xcassets */,
				B38280B629509C0C0002695F /* Preview Content */,
			);
			path = "Triangle App";
			sourceTree = "<group>";
		};
		B38280B629509C0C0002695F /* Preview Content */ = {
			isa = PBXGroup;
			children = (
				B38280B729509C0C0002695F /* Preview Assets.xcassets */,
			);
			path = "Preview Content";
			sourceTree = "<group>";
		};
		B38280C029509C0C0002695F /* Triangle AppTests */ = {
			isa = PBXGroup;
			children = (
				B38280C129509C0C0002695F /* Triangle_AppTests.swift */,
			);
			path = "Triangle AppTests";
			sourceTree = "<group>";
		};
		B38280CA29509C0C0002695F /* Triangle AppUITests */ = {
			isa = PBXGroup;
			children = (
				B38280CB29509C0C0002695F /* Triangle_AppUITests.swift */,
				B38280CD29509C0C0002695F /* Triangle_AppUITestsLaunchTests.swift */,
			);
			path = "Triangle AppUITests";
			sourceTree = "<group>";
		};
/* End PBXGroup section */

/* Begin PBXNativeTarget section */
		B38280AC29509C0B0002695F /* Triangle App */ = {
			isa = PBXNativeTarget;
			buildConfigurationList = B38280D129509C0C0002695F /* Build configuration list for PBXNativeTarget "Triangle App" */;
			buildPhases = (
				B38280A929509C0B0002695F /* Sources */,
				B38280AA29509C0B0002695F /* Frameworks */,
				B38280AB29509C0B0002695F /* Resources */,
			);
			buildRules = (
			);
			dependencies = (
			);
			name = "Triangle App";
			productName = "Triangle App";
			productReference = B38280AD29509C0B0002695F /* Triangle App.app */;
			productType = "com.apple.product-type.application";
		};
		B38280BC29509C0C0002695F /* Triangle AppTests */ = {
			isa = PBXNativeTarget;
			buildConfigurationList = B38280D429509C0C0002695F /* Build configuration list for PBXNativeTarget "Triangle AppTests" */;
			buildPhases = (
				B38280B929509C0C0002695F /* Sources */,
				B38280BA29509C0C0002695F /* Frameworks */,
				B38280BB29509C0C0002695F /* Resources */,
			);
			buildRules = (
			);
			dependencies = (
				B38280BF29509C0C0002695F /* PBXTargetDependency */,
			);
			name = "Triangle AppTests";
			productName = "Triangle AppTests";
			productReference = B38280BD29509C0C0002695F /* Triangle AppTests.xctest */;
			productType = "com.apple.product-type.bundle.unit-test";
		};
		B38280C629509C0C0002695F /* Triangle AppUITests */ = {
			isa = PBXNativeTarget;
			buildConfigurationList = B38280D729509C0C0002695F /* Build configuration list for PBXNativeTarget "Triangle AppUITests" */;
			buildPhases = (
				B38280C329509C0C0002695F /* Sources */,
				B38280C429509C0C0002695F /* Frameworks */,
				B38280C529509C0C0002695F /* Resources */,
			);
			buildRules = (
			);
			dependencies = (
				B38280C929509C0C0002695F /* PBXTargetDependency */,
			);
			name = "Triangle AppUITests";
			productName = "Triangle AppUITests";
			productReference = B38280C729509C0C0002695F /* Triangle AppUITests.xctest */;
			productType = "com.apple.product-type.bundle.ui-testing";
		};
/* End PBXNativeTarget section */

/* Begin PBXProject section */
		B38280A529509C0B0002695F /* Project object */ = {
			isa = PBXProject;
			attributes = {
				BuildIndependentTargetsInParallel = 1;
				LastSwiftUpdateCheck = 1400;
				LastUpgradeCheck = 1400;
				TargetAttributes = {
					B38280AC29509C0B0002695F = {
						CreatedOnToolsVersion = 14.0.1;
					};
					B38280BC29509C0C0002695F = {
						CreatedOnToolsVersion = 14.0.1;
						TestTargetID = B38280AC29509C0B0002695F;
					};
					B38280C629509C0C0002695F = {
						CreatedOnToolsVersion = 14.0.1;
						TestTargetID = B38280AC29509C0B0002695F;
					};
				};
			};
			buildConfigurationList = B38280A829509C0B0002695F /* Build configuration list for PBXProject "Triangle App" */;
			compatibilityVersion = "Xcode 14.0";
			developmentRegion = en;
			hasScannedForEncodings = 0;
			knownRegions = (
				en,
				Base,
			);
			mainGroup = B38280A429509C0B0002695F;
			productRefGroup = B38280AE29509C0B0002695F /* Products */;
			projectDirPath = "";
			projectRoot = "";
			targets = (
				B38280AC29509C0B0002695F /* Triangle App */,
				B38280BC29509C0C0002695F /* Triangle AppTests */,
				B38280C629509C0C0002695F /* Triangle AppUITests */,
			);
		};
/* End PBXProject section */

/* Begin PBXResourcesBuildPhase section */
		B38280AB29509C0B0002695F /* Resources */ = {
			isa = PBXResourcesBuildPhase;
			buildActionMask = 2147483647;
			files = (
				B38280B829509C0C0002695F /* Preview Assets.xcassets in Resources */,
				B38280B529509C0C0002695F /* Assets.xcassets in Resources */,
			);
			runOnlyForDeploymentPostprocessing = 0;
		};
		B38280BB29509C0C0002695F /* Resources */ = {
			isa = PBXResourcesBuildPhase;
			buildActionMask = 2147483647;
			files = (
			);
			runOnlyForDeploymentPostprocessing = 0;
		};
		B38280C529509C0C0002695F /* Resources */ = {
			isa = PBXResourcesBuildPhase;
			buildActionMask = 2147483647;
			files = (
			);
			runOnlyForDeploymentPostprocessing = 0;
		};
/* End PBXResourcesBuildPhase section */

/* Begin PBXSourcesBuildPhase section */
		B38280A929509C0B0002695F /* Sources */ = {
			isa = PBXSourcesBuildPhase;
			buildActionMask = 2147483647;
			files = (
				B38280B329509C0B0002695F /* ContentView.swift in Sources */,
				B38280B129509C0B0002695F /* Triangle_AppApp.swift in Sources */,
			);
			runOnlyForDeploymentPostprocessing = 0;
		};
		B38280B929509C0C0002695F /* Sources */ = {
			isa = PBXSourcesBuildPhase;
			buildActionMask = 2147483647;
			files = (
				B38280C229509C0C0002695F /* Triangle_AppTests.swift in Sources */,
			);
			runOnlyForDeploymentPostprocessing = 0;
		};
		B38280C329509C0C0002695F /* Sources */ = {
			isa = PBXSourcesBuildPhase;
			buildActionMask = 2147483647;
			files = (
				B38280CE29509C0C0002695F /* Triangle_AppUITestsLaunchTests.swift in Sources */,
				B38280CC29509C0C0002695F /* Triangle_AppUITests.swift in Sources */,
			);
			runOnlyForDeploymentPostprocessing = 0;
		};
/* End PBXSourcesBuildPhase section */

/* Begin PBXTargetDependency section */
		B38280BF29509C0C0002695F /* PBXTargetDependency */ = {
			isa = PBXTargetDependency;
			target = B38280AC29509C0B0002695F /* Triangle App */;
			targetProxy = B38280BE29509C0C0002695F /* PBXContainerItemProxy */;
		};
		B38280C929509C0C0002695F /* PBXTargetDependency */ = {
			isa = PBXTargetDependency;
			target = B38280AC29509C0B0002695F /* Triangle App */;
			targetProxy = B38280C829509C0C0002695F /* PBXContainerItemProxy */;
		};
/* End PBXTargetDependency section */

/* Begin XCBuildConfiguration section */
		B38280CF29509C0C0002695F /* Debug */ = {
			isa = XCBuildConfiguration;
			buildSettings = {
				ALWAYS_SEARCH_USER_PATHS = NO;
				CLANG_ANALYZER_NONNULL = YES;
				CLANG_ANALYZER_NUMBER_OBJECT_CONVERSION = YES_AGGRESSIVE;
				CLANG_CXX_LANGUAGE_STANDARD = "gnu++20";
				CLANG_ENABLE_MODULES = YES;
				CLANG_ENABLE_OBJC_ARC = YES;
				CLANG_ENABLE_OBJC_WEAK = YES;
				CLANG_WARN_BLOCK_CAPTURE_AUTORELEASING = YES;
				CLANG_WARN_BOOL_CONVERSION = YES;
				CLANG_WARN_COMMA = YES;
				CLANG_WARN_CONSTANT_CONVERSION = YES;
				CLANG_WARN_DEPRECATED_OBJC_IMPLEMENTATIONS = YES;
				CLANG_WARN_DIRECT_OBJC_ISA_USAGE = YES_ERROR;
				CLANG_WARN_DOCUMENTATION_COMMENTS = YES;
				CLANG_WARN_EMPTY_BODY = YES;
				CLANG_WARN_ENUM_CONVERSION = YES;
				CLANG_WARN_INFINITE_RECURSION = YES;
				CLANG_WARN_INT_CONVERSION = YES;
				CLANG_WARN_NON_LITERAL_NULL_CONVERSION = YES;
				CLANG_WARN_OBJC_IMPLICIT_RETAIN_SELF = YES;
				CLANG_WARN_OBJC_LITERAL_CONVERSION = YES;
				CLANG_WARN_OBJC_ROOT_CLASS = YES_ERROR;
				CLANG_WARN_QUOTED_INCLUDE_IN_FRAMEWORK_HEADER = YES;
				CLANG_WARN_RANGE_LOOP_ANALYSIS = YES;
				CLANG_WARN_STRICT_PROTOTYPES = YES;
				CLANG_WARN_SUSPICIOUS_MOVE = YES;
				CLANG_WARN_UNGUARDED_AVAILABILITY = YES_AGGRESSIVE;
				CLANG_WARN_UNREACHABLE_CODE = YES;
				CLANG_WARN__DUPLICATE_METHOD_MATCH = YES;
				COPY_PHASE_STRIP = NO;
				DEBUG_INFORMATION_FORMAT = dwarf;
				ENABLE_STRICT_OBJC_MSGSEND = YES;
				ENABLE_TESTABILITY = YES;
				GCC_C_LANGUAGE_STANDARD = gnu11;
				GCC_DYNAMIC_NO_PIC = NO;
				GCC_NO_COMMON_BLOCKS = YES;
				GCC_OPTIMIZATION_LEVEL = 0;
				GCC_PREPROCESSOR_DEFINITIONS = (
					"DEBUG=1",
					"$(inherited)",
				);
				GCC_WARN_64_TO_32_BIT_CONVERSION = YES;
				GCC_WARN_ABOUT_RETURN_TYPE = YES_ERROR;
				GCC_WARN_UNDECLARED_SELECTOR = YES;
				GCC_WARN_UNINITIALIZED_AUTOS = YES_AGGRESSIVE;
				GCC_WARN_UNUSED_FUNCTION = YES;
				GCC_WARN_UNUSED_VARIABLE = YES;
				IPHONEOS_DEPLOYMENT_TARGET = 16.0;
				MTL_ENABLE_DEBUG_INFO = INCLUDE_SOURCE;
				MTL_FAST_MATH = YES;
				ONLY_ACTIVE_ARCH = YES;
				SDKROOT = iphoneos;
				SWIFT_ACTIVE_COMPILATION_CONDITIONS = DEBUG;
				SWIFT_OPTIMIZATION_LEVEL = "-Onone";
			};
			name = Debug;
		};
		B38280D029509C0C0002695F /* Release */ = {
			isa = XCBuildConfiguration;
			buildSettings = {
				ALWAYS_SEARCH_USER_PATHS = NO;
				CLANG_ANALYZER_NONNULL = YES;
				CLANG_ANALYZER_NUMBER_OBJECT_CONVERSION = YES_AGGRESSIVE;
				CLANG_CXX_LANGUAGE_STANDARD = "gnu++20";
				CLANG_ENABLE_MODULES = YES;
				CLANG_ENABLE_OBJC_ARC = YES;
				CLANG_ENABLE_OBJC_WEAK = YES;
				CLANG_WARN_BLOCK_CAPTURE_AUTORELEASING = YES;
				CLANG_WARN_BOOL_CONVERSION = YES;
				CLANG_WARN_COMMA = YES;
				CLANG_WARN_CONSTANT_CONVERSION = YES;
				CLANG_WARN_DEPRECATED_OBJC_IMPLEMENTATIONS = YES;
				CLANG_WARN_DIRECT_OBJC_ISA_USAGE = YES_ERROR;
				CLANG_WARN_DOCUMENTATION_COMMENTS = YES;
				CLANG_WARN_EMPTY_BODY = YES;
				CLANG_WARN_ENUM_CONVERSION = YES;
				CLANG_WARN_INFINITE_RECURSION = YES;
				CLANG_WARN_INT_CONVERSION = YES;
				CLANG_WARN_NON_LITERAL_NULL_CONVERSION = YES;
				CLANG_WARN_OBJC_IMPLICIT_RETAIN_SELF = YES;
				CLANG_WARN_OBJC_LITERAL_CONVERSION = YES;
				CLANG_WARN_OBJC_ROOT_CLASS = YES_ERROR;
				CLANG_WARN_QUOTED_INCLUDE_IN_FRAMEWORK_HEADER = YES;
				CLANG_WARN_RANGE_LOOP_ANALYSIS = YES;
				CLANG_WARN_STRICT_PROTOTYPES = YES;
				CLANG_WARN_SUSPICIOUS_MOVE = YES;
				CLANG_WARN_UNGUARDED_AVAILABILITY = YES_AGGRESSIVE;
				CLANG_WARN_UNREACHABLE_CODE = YES;
				CLANG_WARN__DUPLICATE_METHOD_MATCH = YES;
				COPY_PHASE_STRIP = NO;
				DEBUG_INFORMATION_FORMAT = "dwarf-with-dsym";
				ENABLE_NS_ASSERTIONS = NO;
				ENABLE_STRICT_OBJC_MSGSEND = YES;
				GCC_C_LANGUAGE_STANDARD = gnu11;
				GCC_NO_COMMON_BLOCKS = YES;
				GCC_WARN_64_TO_32_BIT_CONVERSION = YES;
				GCC_WARN_ABOUT_RETURN_TYPE = YES_ERROR;
				GCC_WARN_UNDECLARED_SELECTOR = YES;
				GCC_WARN_UNINITIALIZED_AUTOS = YES_AGGRESSIVE;
				GCC_WARN_UNUSED_FUNCTION = YES;
				GCC_WARN_UNUSED_VARIABLE = YES;
				IPHONEOS_DEPLOYMENT_TARGET = 16.0;
				MTL_ENABLE_DEBUG_INFO = NO;
				MTL_FAST_MATH = YES;
				SDKROOT = iphoneos;
				SWIFT_COMPILATION_MODE = wholemodule;
				SWIFT_OPTIMIZATION_LEVEL = "-O";
				VALIDATE_PRODUCT = YES;
			};
			name = Release;
		};
		B38280D229509C0C0002695F /* Debug */ = {
			isa = XCBuildConfiguration;
			buildSettings = {
				ASSETCATALOG_COMPILER_APPICON_NAME = AppIcon;
				ASSETCATALOG_COMPILER_GLOBAL_ACCENT_COLOR_NAME = AccentColor;
				CODE_SIGN_STYLE = Automatic;
				CURRENT_PROJECT_VERSION = 1;
				DEVELOPMENT_ASSET_PATHS = "\"Triangle App/Preview Content\"";
				DEVELOPMENT_TEAM = Q36DPB2949;
				ENABLE_PREVIEWS = YES;
				GENERATE_INFOPLIST_FILE = YES;
				INFOPLIST_KEY_UIApplicationSceneManifest_Generation = YES;
				INFOPLIST_KEY_UIApplicationSupportsIndirectInputEvents = YES;
				INFOPLIST_KEY_UILaunchScreen_Generation = YES;
				INFOPLIST_KEY_UISupportedInterfaceOrientations_iPad = "UIInterfaceOrientationPortrait UIInterfaceOrientationPortraitUpsideDown UIInterfaceOrientationLandscapeLeft UIInterfaceOrientationLandscapeRight";
				INFOPLIST_KEY_UISupportedInterfaceOrientations_iPhone = "UIInterfaceOrientationPortrait UIInterfaceOrientationLandscapeLeft UIInterfaceOrientationLandscapeRight";
				IPHONEOS_DEPLOYMENT_TARGET = 15.4;
				LD_RUNPATH_SEARCH_PATHS = (
					"$(inherited)",
					"@executable_path/Frameworks",
				);
				MARKETING_VERSION = 1.0;
				PRODUCT_BUNDLE_IDENTIFIER = "septehabudin.Triangle-App";
				PRODUCT_NAME = "$(TARGET_NAME)";
				SWIFT_EMIT_LOC_STRINGS = YES;
				SWIFT_VERSION = 5.0;
				TARGETED_DEVICE_FAMILY = "1,2";
			};
			name = Debug;
		};
		B38280D329509C0C0002695F /* Release */ = {
			isa = XCBuildConfiguration;
			buildSettings = {
				ASSETCATALOG_COMPILER_APPICON_NAME = AppIcon;
				ASSETCATALOG_COMPILER_GLOBAL_ACCENT_COLOR_NAME = AccentColor;
				CODE_SIGN_STYLE = Automatic;
				CURRENT_PROJECT_VERSION = 1;
				DEVELOPMENT_ASSET_PATHS = "\"Triangle App/Preview Content\"";
				DEVELOPMENT_TEAM = Q36DPB2949;
				ENABLE_PREVIEWS = YES;
				GENERATE_INFOPLIST_FILE = YES;
				INFOPLIST_KEY_UIApplicationSceneManifest_Generation = YES;
				INFOPLIST_KEY_UIApplicationSupportsIndirectInputEvents = YES;
				INFOPLIST_KEY_UILaunchScreen_Generation = YES;
				INFOPLIST_KEY_UISupportedInterfaceOrientations_iPad = "UIInterfaceOrientationPortrait UIInterfaceOrientationPortraitUpsideDown UIInterfaceOrientationLandscapeLeft UIInterfaceOrientationLandscapeRight";
				INFOPLIST_KEY_UISupportedInterfaceOrientations_iPhone = "UIInterfaceOrientationPortrait UIInterfaceOrientationLandscapeLeft UIInterfaceOrientationLandscapeRight";
				IPHONEOS_DEPLOYMENT_TARGET = 15.4;
				LD_RUNPATH_SEARCH_PATHS = (
					"$(inherited)",
					"@executable_path/Frameworks",
				);
				MARKETING_VERSION = 1.0;
				PRODUCT_BUNDLE_IDENTIFIER = "septehabudin.Triangle-App";
				PRODUCT_NAME = "$(TARGET_NAME)";
				SWIFT_EMIT_LOC_STRINGS = YES;
				SWIFT_VERSION = 5.0;
				TARGETED_DEVICE_FAMILY = "1,2";
			};
			name = Release;
		};
		B38280D529509C0C0002695F /* Debug */ = {
			isa = XCBuildConfiguration;
			buildSettings = {
				ALWAYS_EMBED_SWIFT_STANDARD_LIBRARIES = YES;
				BUNDLE_LOADER = "$(TEST_HOST)";
				CODE_SIGN_STYLE = Automatic;
				CURRENT_PROJECT_VERSION = 1;
				DEVELOPMENT_TEAM = Q36DPB2949;
				GENERATE_INFOPLIST_FILE = YES;
				IPHONEOS_DEPLOYMENT_TARGET = 16.0;
				MARKETING_VERSION = 1.0;
				PRODUCT_BUNDLE_IDENTIFIER = "septehabudin.Triangle-AppTests";
				PRODUCT_NAME = "$(TARGET_NAME)";
				SWIFT_EMIT_LOC_STRINGS = NO;
				SWIFT_VERSION = 5.0;
				TARGETED_DEVICE_FAMILY = "1,2";
				TEST_HOST = "$(BUILT_PRODUCTS_DIR)/Triangle App.app/$(BUNDLE_EXECUTABLE_FOLDER_PATH)/Triangle App";
			};
			name = Debug;
		};
		B38280D629509C0C0002695F /* Release */ = {
			isa = XCBuildConfiguration;
			buildSettings = {
				ALWAYS_EMBED_SWIFT_STANDARD_LIBRARIES = YES;
				BUNDLE_LOADER = "$(TEST_HOST)";
				CODE_SIGN_STYLE = Automatic;
				CURRENT_PROJECT_VERSION = 1;
				DEVELOPMENT_TEAM = Q36DPB2949;
				GENERATE_INFOPLIST_FILE = YES;
				IPHONEOS_DEPLOYMENT_TARGET = 16.0;
				MARKETING_VERSION = 1.0;
				PRODUCT_BUNDLE_IDENTIFIER = "septehabudin.Triangle-AppTests";
				PRODUCT_NAME = "$(TARGET_NAME)";
				SWIFT_EMIT_LOC_STRINGS = NO;
				SWIFT_VERSION = 5.0;
				TARGETED_DEVICE_FAMILY = "1,2";
				TEST_HOST = "$(BUILT_PRODUCTS_DIR)/Triangle App.app/$(BUNDLE_EXECUTABLE_FOLDER_PATH)/Triangle App";
			};
			name = Release;
		};
		B38280D829509C0C0002695F /* Debug */ = {
			isa = XCBuildConfiguration;
			buildSettings = {
				ALWAYS_EMBED_SWIFT_STANDARD_LIBRARIES = YES;
				CODE_SIGN_STYLE = Automatic;
				CURRENT_PROJECT_VERSION = 1;
				DEVELOPMENT_TEAM = Q36DPB2949;
				GENERATE_INFOPLIST_FILE = YES;
				MARKETING_VERSION = 1.0;
				PRODUCT_BUNDLE_IDENTIFIER = "septehabudin.Triangle-AppUITests";
				PRODUCT_NAME = "$(TARGET_NAME)";
				SWIFT_EMIT_LOC_STRINGS = NO;
				SWIFT_VERSION = 5.0;
				TARGETED_DEVICE_FAMILY = "1,2";
				TEST_TARGET_NAME = "Triangle App";
			};
			name = Debug;
		};
		B38280D929509C0C0002695F /* Release */ = {
			isa = XCBuildConfiguration;
			buildSettings = {
				ALWAYS_EMBED_SWIFT_STANDARD_LIBRARIES = YES;
				CODE_SIGN_STYLE = Automatic;
				CURRENT_PROJECT_VERSION = 1;
				DEVELOPMENT_TEAM = Q36DPB2949;
				GENERATE_INFOPLIST_FILE = YES;
				MARKETING_VERSION = 1.0;
				PRODUCT_BUNDLE_IDENTIFIER = "septehabudin.Triangle-AppUITests";
				PRODUCT_NAME = "$(TARGET_NAME)";
				SWIFT_EMIT_LOC_STRINGS = NO;
				SWIFT_VERSION = 5.0;
				TARGETED_DEVICE_FAMILY = "1,2";
				TEST_TARGET_NAME = "Triangle App";
			};
			name = Release;
		};
/* End XCBuildConfiguration section */

/* Begin XCConfigurationList section */
		B38280A829509C0B0002695F /* Build configuration list for PBXProject "Triangle App" */ = {
			isa = XCConfigurationList;
			buildConfigurations = (
				B38280CF29509C0C0002695F /* Debug */,
				B38280D029509C0C0002695F /* Release */,
			);
			defaultConfigurationIsVisible = 0;
			defaultConfigurationName = Release;
		};
		B38280D129509C0C0002695F /* Build configuration list for PBXNativeTarget "Triangle App" */ = {
			isa = XCConfigurationList;
			buildConfigurations = (
				B38280D229509C0C0002695F /* Debug */,
				B38280D329509C0C0002695F /* Release */,
			);
			defaultConfigurationIsVisible = 0;
			defaultConfigurationName = Release;
		};
		B38280D429509C0C0002695F /* Build configuration list for PBXNativeTarget "Triangle AppTests" */ = {
			isa = XCConfigurationList;
			buildConfigurations = (
				B38280D529509C0C0002695F /* Debug */,
				B38280D629509C0C0002695F /* Release */,
			);
			defaultConfigurationIsVisible = 0;
			defaultConfigurationName = Release;
		};
		B38280D729509C0C0002695F /* Build configuration list for PBXNativeTarget "Triangle AppUITests" */ = {
			isa = XCConfigurationList;
			buildConfigurations = (
				B38280D829509C0C0002695F /* Debug */,
				B38280D929509C0C0002695F /* Release */,
			);
			defaultConfigurationIsVisible = 0;
			defaultConfigurationName = Release;
		};
/* End XCConfigurationList section */
	};
	rootObject = B38280A529509C0B0002695F /* Project object */;
}
